// !$*UTF8*$!
{
	archiveVersion = 1;
	classes = {
	};
	objectVersion = 50;
	objects = {

/* Begin PBXBuildFile section */
		8F2953B422AD6DF7000625CB /* AppDelegate.swift in Sources */ = {isa = PBXBuildFile; fileRef = 8F2953B322AD6DF7000625CB /* AppDelegate.swift */; };
		8F2953B622AD6DF7000625CB /* SceneDelegate.swift in Sources */ = {isa = PBXBuildFile; fileRef = 8F2953B522AD6DF7000625CB /* SceneDelegate.swift */; };
		8F2953B822AD6DF7000625CB /* ContentView.swift in Sources */ = {isa = PBXBuildFile; fileRef = 8F2953B722AD6DF7000625CB /* ContentView.swift */; };
		8F2953BA22AD6DF9000625CB /* Assets.xcassets in Resources */ = {isa = PBXBuildFile; fileRef = 8F2953B922AD6DF9000625CB /* Assets.xcassets */; };
		8F2953BD22AD6DF9000625CB /* Preview Assets.xcassets in Resources */ = {isa = PBXBuildFile; fileRef = 8F2953BC22AD6DF9000625CB /* Preview Assets.xcassets */; };
		8F2953C022AD6DF9000625CB /* LaunchScreen.storyboard in Resources */ = {isa = PBXBuildFile; fileRef = 8F2953BE22AD6DF9000625CB /* LaunchScreen.storyboard */; };
		8F2953CB22AD6DFA000625CB /* HackerNewsTests.swift in Sources */ = {isa = PBXBuildFile; fileRef = 8F2953CA22AD6DFA000625CB /* HackerNewsTests.swift */; };
		8F2953D622AD6DFA000625CB /* HackerNewsUITests.swift in Sources */ = {isa = PBXBuildFile; fileRef = 8F2953D522AD6DFA000625CB /* HackerNewsUITests.swift */; };
		8F78A22822ADA3B000DF08A5 /* Story.swift in Sources */ = {isa = PBXBuildFile; fileRef = 8F78A22722ADA3B000DF08A5 /* Story.swift */; };
		8F7FE12822AD774900EBD44D /* StoryRow.swift in Sources */ = {isa = PBXBuildFile; fileRef = 8F7FE12722AD774900EBD44D /* StoryRow.swift */; };
		8FB4AB7322AD7DB200363A7C /* StoryStore.swift in Sources */ = {isa = PBXBuildFile; fileRef = 8FB4AB7222AD7DB200363A7C /* StoryStore.swift */; };
/* End PBXBuildFile section */

/* Begin PBXContainerItemProxy section */
		8F2953C722AD6DFA000625CB /* PBXContainerItemProxy */ = {
			isa = PBXContainerItemProxy;
			containerPortal = 8F2953A822AD6DF7000625CB /* Project object */;
			proxyType = 1;
			remoteGlobalIDString = 8F2953AF22AD6DF7000625CB;
			remoteInfo = HackerNews;
		};
		8F2953D222AD6DFA000625CB /* PBXContainerItemProxy */ = {
			isa = PBXContainerItemProxy;
			containerPortal = 8F2953A822AD6DF7000625CB /* Project object */;
			proxyType = 1;
			remoteGlobalIDString = 8F2953AF22AD6DF7000625CB;
			remoteInfo = HackerNews;
		};
/* End PBXContainerItemProxy section */

/* Begin PBXFileReference section */
		8F2953B022AD6DF7000625CB /* HackerNews.app */ = {isa = PBXFileReference; explicitFileType = wrapper.application; includeInIndex = 0; path = HackerNews.app; sourceTree = BUILT_PRODUCTS_DIR; };
		8F2953B322AD6DF7000625CB /* AppDelegate.swift */ = {isa = PBXFileReference; lastKnownFileType = sourcecode.swift; path = AppDelegate.swift; sourceTree = "<group>"; };
		8F2953B522AD6DF7000625CB /* SceneDelegate.swift */ = {isa = PBXFileReference; lastKnownFileType = sourcecode.swift; path = SceneDelegate.swift; sourceTree = "<group>"; };
		8F2953B722AD6DF7000625CB /* ContentView.swift */ = {isa = PBXFileReference; lastKnownFileType = sourcecode.swift; path = ContentView.swift; sourceTree = "<group>"; };
		8F2953B922AD6DF9000625CB /* Assets.xcassets */ = {isa = PBXFileReference; lastKnownFileType = folder.assetcatalog; path = Assets.xcassets; sourceTree = "<group>"; };
		8F2953BC22AD6DF9000625CB /* Preview Assets.xcassets */ = {isa = PBXFileReference; lastKnownFileType = folder.assetcatalog; path = "Preview Assets.xcassets"; sourceTree = "<group>"; };
		8F2953BF22AD6DF9000625CB /* Base */ = {isa = PBXFileReference; lastKnownFileType = file.storyboard; name = Base; path = Base.lproj/LaunchScreen.storyboard; sourceTree = "<group>"; };
		8F2953C122AD6DF9000625CB /* Info.plist */ = {isa = PBXFileReference; lastKnownFileType = text.plist.xml; path = Info.plist; sourceTree = "<group>"; };
		8F2953C622AD6DFA000625CB /* HackerNewsTests.xctest */ = {isa = PBXFileReference; explicitFileType = wrapper.cfbundle; includeInIndex = 0; path = HackerNewsTests.xctest; sourceTree = BUILT_PRODUCTS_DIR; };
		8F2953CA22AD6DFA000625CB /* HackerNewsTests.swift */ = {isa = PBXFileReference; lastKnownFileType = sourcecode.swift; path = HackerNewsTests.swift; sourceTree = "<group>"; };
		8F2953CC22AD6DFA000625CB /* Info.plist */ = {isa = PBXFileReference; lastKnownFileType = text.plist.xml; path = Info.plist; sourceTree = "<group>"; };
		8F2953D122AD6DFA000625CB /* HackerNewsUITests.xctest */ = {isa = PBXFileReference; explicitFileType = wrapper.cfbundle; includeInIndex = 0; path = HackerNewsUITests.xctest; sourceTree = BUILT_PRODUCTS_DIR; };
		8F2953D522AD6DFA000625CB /* HackerNewsUITests.swift */ = {isa = PBXFileReference; lastKnownFileType = sourcecode.swift; path = HackerNewsUITests.swift; sourceTree = "<group>"; };
		8F2953D722AD6DFA000625CB /* Info.plist */ = {isa = PBXFileReference; lastKnownFileType = text.plist.xml; path = Info.plist; sourceTree = "<group>"; };
		8F78A22722ADA3B000DF08A5 /* Story.swift */ = {isa = PBXFileReference; fileEncoding = 4; lastKnownFileType = sourcecode.swift; path = Story.swift; sourceTree = "<group>"; };
		8F7FE12722AD774900EBD44D /* StoryRow.swift */ = {isa = PBXFileReference; fileEncoding = 4; lastKnownFileType = sourcecode.swift; path = StoryRow.swift; sourceTree = "<group>"; };
		8FB4AB7222AD7DB200363A7C /* StoryStore.swift */ = {isa = PBXFileReference; lastKnownFileType = sourcecode.swift; path = StoryStore.swift; sourceTree = "<group>"; };
/* End PBXFileReference section */

/* Begin PBXFrameworksBuildPhase section */
		8F2953AD22AD6DF7000625CB /* Frameworks */ = {
			isa = PBXFrameworksBuildPhase;
			buildActionMask = 2147483647;
			files = (
			);
			runOnlyForDeploymentPostprocessing = 0;
		};
		8F2953C322AD6DFA000625CB /* Frameworks */ = {
			isa = PBXFrameworksBuildPhase;
			buildActionMask = 2147483647;
			files = (
			);
			runOnlyForDeploymentPostprocessing = 0;
		};
		8F2953CE22AD6DFA000625CB /* Frameworks */ = {
			isa = PBXFrameworksBuildPhase;
			buildActionMask = 2147483647;
			files = (
			);
			runOnlyForDeploymentPostprocessing = 0;
		};
/* End PBXFrameworksBuildPhase section */

/* Begin PBXGroup section */
		8F11CB9B22AD990D0033BDBB /* Stores */ = {
			isa = PBXGroup;
			children = (
				8FB4AB7222AD7DB200363A7C /* StoryStore.swift */,
			);
			path = Stores;
			sourceTree = "<group>";
		};
		8F2953A722AD6DF7000625CB = {
			isa = PBXGroup;
			children = (
				8F2953B222AD6DF7000625CB /* HackerNews */,
				8F2953C922AD6DFA000625CB /* HackerNewsTests */,
				8F2953D422AD6DFA000625CB /* HackerNewsUITests */,
				8F2953B122AD6DF7000625CB /* Products */,
			);
			sourceTree = "<group>";
		};
		8F2953B122AD6DF7000625CB /* Products */ = {
			isa = PBXGroup;
			children = (
				8F2953B022AD6DF7000625CB /* HackerNews.app */,
				8F2953C622AD6DFA000625CB /* HackerNewsTests.xctest */,
				8F2953D122AD6DFA000625CB /* HackerNewsUITests.xctest */,
			);
			name = Products;
			sourceTree = "<group>";
		};
		8F2953B222AD6DF7000625CB /* HackerNews */ = {
			isa = PBXGroup;
			children = (
				8FB4AB6E22AD797D00363A7C /* Models */,
				8F11CB9B22AD990D0033BDBB /* Stores */,
				8FB4AB6D22AD796D00363A7C /* Supporting Views */,
				8F2953B322AD6DF7000625CB /* AppDelegate.swift */,
				8F2953B522AD6DF7000625CB /* SceneDelegate.swift */,
				8F2953B722AD6DF7000625CB /* ContentView.swift */,
				8F2953B922AD6DF9000625CB /* Assets.xcassets */,
				8F2953BE22AD6DF9000625CB /* LaunchScreen.storyboard */,
				8F2953C122AD6DF9000625CB /* Info.plist */,
				8F2953BB22AD6DF9000625CB /* Preview Content */,
			);
			path = HackerNews;
			sourceTree = "<group>";
		};
		8F2953BB22AD6DF9000625CB /* Preview Content */ = {
			isa = PBXGroup;
			children = (
				8F2953BC22AD6DF9000625CB /* Preview Assets.xcassets */,
			);
			path = "Preview Content";
			sourceTree = "<group>";
		};
		8F2953C922AD6DFA000625CB /* HackerNewsTests */ = {
			isa = PBXGroup;
			children = (
				8F2953CA22AD6DFA000625CB /* HackerNewsTests.swift */,
				8F2953CC22AD6DFA000625CB /* Info.plist */,
			);
			path = HackerNewsTests;
			sourceTree = "<group>";
		};
		8F2953D422AD6DFA000625CB /* HackerNewsUITests */ = {
			isa = PBXGroup;
			children = (
				8F2953D522AD6DFA000625CB /* HackerNewsUITests.swift */,
				8F2953D722AD6DFA000625CB /* Info.plist */,
			);
			path = HackerNewsUITests;
			sourceTree = "<group>";
		};
		8FB4AB6D22AD796D00363A7C /* Supporting Views */ = {
			isa = PBXGroup;
			children = (
				8F7FE12722AD774900EBD44D /* StoryRow.swift */,
			);
			path = "Supporting Views";
			sourceTree = "<group>";
		};
		8FB4AB6E22AD797D00363A7C /* Models */ = {
			isa = PBXGroup;
			children = (
				8F78A22722ADA3B000DF08A5 /* Story.swift */,
			);
			path = Models;
			sourceTree = "<group>";
		};
/* End PBXGroup section */

/* Begin PBXNativeTarget section */
		8F2953AF22AD6DF7000625CB /* HackerNews */ = {
			isa = PBXNativeTarget;
			buildConfigurationList = 8F2953DA22AD6DFA000625CB /* Build configuration list for PBXNativeTarget "HackerNews" */;
			buildPhases = (
				8F2953AC22AD6DF7000625CB /* Sources */,
				8F2953AD22AD6DF7000625CB /* Frameworks */,
				8F2953AE22AD6DF7000625CB /* Resources */,
			);
			buildRules = (
			);
			dependencies = (
			);
			name = HackerNews;
			productName = HackerNews;
			productReference = 8F2953B022AD6DF7000625CB /* HackerNews.app */;
			productType = "com.apple.product-type.application";
		};
		8F2953C522AD6DFA000625CB /* HackerNewsTests */ = {
			isa = PBXNativeTarget;
			buildConfigurationList = 8F2953DD22AD6DFA000625CB /* Build configuration list for PBXNativeTarget "HackerNewsTests" */;
			buildPhases = (
				8F2953C222AD6DFA000625CB /* Sources */,
				8F2953C322AD6DFA000625CB /* Frameworks */,
				8F2953C422AD6DFA000625CB /* Resources */,
			);
			buildRules = (
			);
			dependencies = (
				8F2953C822AD6DFA000625CB /* PBXTargetDependency */,
			);
			name = HackerNewsTests;
			productName = HackerNewsTests;
			productReference = 8F2953C622AD6DFA000625CB /* HackerNewsTests.xctest */;
			productType = "com.apple.product-type.bundle.unit-test";
		};
		8F2953D022AD6DFA000625CB /* HackerNewsUITests */ = {
			isa = PBXNativeTarget;
			buildConfigurationList = 8F2953E022AD6DFA000625CB /* Build configuration list for PBXNativeTarget "HackerNewsUITests" */;
			buildPhases = (
				8F2953CD22AD6DFA000625CB /* Sources */,
				8F2953CE22AD6DFA000625CB /* Frameworks */,
				8F2953CF22AD6DFA000625CB /* Resources */,
			);
			buildRules = (
			);
			dependencies = (
				8F2953D322AD6DFA000625CB /* PBXTargetDependency */,
			);
			name = HackerNewsUITests;
			productName = HackerNewsUITests;
			productReference = 8F2953D122AD6DFA000625CB /* HackerNewsUITests.xctest */;
			productType = "com.apple.product-type.bundle.ui-testing";
		};
/* End PBXNativeTarget section */

/* Begin PBXProject section */
		8F2953A822AD6DF7000625CB /* Project object */ = {
			isa = PBXProject;
			attributes = {
				LastSwiftUpdateCheck = 1100;
				LastUpgradeCheck = 1100;
				ORGANIZATIONNAME = "Nathaniel Fredericks";
				TargetAttributes = {
					8F2953AF22AD6DF7000625CB = {
						CreatedOnToolsVersion = 11.0;
					};
					8F2953C522AD6DFA000625CB = {
						CreatedOnToolsVersion = 11.0;
						TestTargetID = 8F2953AF22AD6DF7000625CB;
					};
					8F2953D022AD6DFA000625CB = {
						CreatedOnToolsVersion = 11.0;
						TestTargetID = 8F2953AF22AD6DF7000625CB;
					};
				};
			};
			buildConfigurationList = 8F2953AB22AD6DF7000625CB /* Build configuration list for PBXProject "HackerNews" */;
			compatibilityVersion = "Xcode 9.3";
			developmentRegion = en;
			hasScannedForEncodings = 0;
			knownRegions = (
				en,
				Base,
			);
			mainGroup = 8F2953A722AD6DF7000625CB;
			packageReferences = (
			);
			productRefGroup = 8F2953B122AD6DF7000625CB /* Products */;
			projectDirPath = "";
			projectRoot = "";
			targets = (
				8F2953AF22AD6DF7000625CB /* HackerNews */,
				8F2953C522AD6DFA000625CB /* HackerNewsTests */,
				8F2953D022AD6DFA000625CB /* HackerNewsUITests */,
			);
		};
/* End PBXProject section */

/* Begin PBXResourcesBuildPhase section */
		8F2953AE22AD6DF7000625CB /* Resources */ = {
			isa = PBXResourcesBuildPhase;
			buildActionMask = 2147483647;
			files = (
				8F2953C022AD6DF9000625CB /* LaunchScreen.storyboard in Resources */,
				8F2953BD22AD6DF9000625CB /* Preview Assets.xcassets in Resources */,
				8F2953BA22AD6DF9000625CB /* Assets.xcassets in Resources */,
			);
			runOnlyForDeploymentPostprocessing = 0;
		};
		8F2953C422AD6DFA000625CB /* Resources */ = {
			isa = PBXResourcesBuildPhase;
			buildActionMask = 2147483647;
			files = (
			);
			runOnlyForDeploymentPostprocessing = 0;
		};
		8F2953CF22AD6DFA000625CB /* Resources */ = {
			isa = PBXResourcesBuildPhase;
			buildActionMask = 2147483647;
			files = (
			);
			runOnlyForDeploymentPostprocessing = 0;
		};
/* End PBXResourcesBuildPhase section */

/* Begin PBXSourcesBuildPhase section */
		8F2953AC22AD6DF7000625CB /* Sources */ = {
			isa = PBXSourcesBuildPhase;
			buildActionMask = 2147483647;
			files = (
				8F2953B422AD6DF7000625CB /* AppDelegate.swift in Sources */,
				8F2953B622AD6DF7000625CB /* SceneDelegate.swift in Sources */,
				8F7FE12822AD774900EBD44D /* StoryRow.swift in Sources */,
				8FB4AB7322AD7DB200363A7C /* StoryStore.swift in Sources */,
				8F2953B822AD6DF7000625CB /* ContentView.swift in Sources */,
				8F78A22822ADA3B000DF08A5 /* Story.swift in Sources */,
			);
			runOnlyForDeploymentPostprocessing = 0;
		};
		8F2953C222AD6DFA000625CB /* Sources */ = {
			isa = PBXSourcesBuildPhase;
			buildActionMask = 2147483647;
			files = (
				8F2953CB22AD6DFA000625CB /* HackerNewsTests.swift in Sources */,
			);
			runOnlyForDeploymentPostprocessing = 0;
		};
		8F2953CD22AD6DFA000625CB /* Sources */ = {
			isa = PBXSourcesBuildPhase;
			buildActionMask = 2147483647;
			files = (
				8F2953D622AD6DFA000625CB /* HackerNewsUITests.swift in Sources */,
			);
			runOnlyForDeploymentPostprocessing = 0;
		};
/* End PBXSourcesBuildPhase section */

/* Begin PBXTargetDependency section */
		8F2953C822AD6DFA000625CB /* PBXTargetDependency */ = {
			isa = PBXTargetDependency;
			target = 8F2953AF22AD6DF7000625CB /* HackerNews */;
			targetProxy = 8F2953C722AD6DFA000625CB /* PBXContainerItemProxy */;
		};
		8F2953D322AD6DFA000625CB /* PBXTargetDependency */ = {
			isa = PBXTargetDependency;
			target = 8F2953AF22AD6DF7000625CB /* HackerNews */;
			targetProxy = 8F2953D222AD6DFA000625CB /* PBXContainerItemProxy */;
		};
/* End PBXTargetDependency section */

/* Begin PBXVariantGroup section */
		8F2953BE22AD6DF9000625CB /* LaunchScreen.storyboard */ = {
			isa = PBXVariantGroup;
			children = (
				8F2953BF22AD6DF9000625CB /* Base */,
			);
			name = LaunchScreen.storyboard;
			sourceTree = "<group>";
		};
/* End PBXVariantGroup section */

/* Begin XCBuildConfiguration section */
		8F2953D822AD6DFA000625CB /* Debug */ = {
			isa = XCBuildConfiguration;
			buildSettings = {
				ALWAYS_SEARCH_USER_PATHS = NO;
				CLANG_ANALYZER_NONNULL = YES;
				CLANG_ANALYZER_NUMBER_OBJECT_CONVERSION = YES_AGGRESSIVE;
				CLANG_CXX_LANGUAGE_STANDARD = "gnu++14";
				CLANG_CXX_LIBRARY = "libc++";
				CLANG_ENABLE_MODULES = YES;
				CLANG_ENABLE_OBJC_ARC = YES;
				CLANG_ENABLE_OBJC_WEAK = YES;
				CLANG_WARN_BLOCK_CAPTURE_AUTORELEASING = YES;
				CLANG_WARN_BOOL_CONVERSION = YES;
				CLANG_WARN_COMMA = YES;
				CLANG_WARN_CONSTANT_CONVERSION = YES;
				CLANG_WARN_DEPRECATED_OBJC_IMPLEMENTATIONS = YES;
				CLANG_WARN_DIRECT_OBJC_ISA_USAGE = YES_ERROR;
				CLANG_WARN_DOCUMENTATION_COMMENTS = YES;
				CLANG_WARN_EMPTY_BODY = YES;
				CLANG_WARN_ENUM_CONVERSION = YES;
				CLANG_WARN_INFINITE_RECURSION = YES;
				CLANG_WARN_INT_CONVERSION = YES;
				CLANG_WARN_NON_LITERAL_NULL_CONVERSION = YES;
				CLANG_WARN_OBJC_IMPLICIT_RETAIN_SELF = YES;
				CLANG_WARN_OBJC_LITERAL_CONVERSION = YES;
				CLANG_WARN_OBJC_ROOT_CLASS = YES_ERROR;
				CLANG_WARN_RANGE_LOOP_ANALYSIS = YES;
				CLANG_WARN_STRICT_PROTOTYPES = YES;
				CLANG_WARN_SUSPICIOUS_MOVE = YES;
				CLANG_WARN_UNGUARDED_AVAILABILITY = YES_AGGRESSIVE;
				CLANG_WARN_UNREACHABLE_CODE = YES;
				CLANG_WARN__DUPLICATE_METHOD_MATCH = YES;
				COPY_PHASE_STRIP = NO;
				DEBUG_INFORMATION_FORMAT = dwarf;
				ENABLE_STRICT_OBJC_MSGSEND = YES;
				ENABLE_TESTABILITY = YES;
				GCC_C_LANGUAGE_STANDARD = gnu11;
				GCC_DYNAMIC_NO_PIC = NO;
				GCC_NO_COMMON_BLOCKS = YES;
				GCC_OPTIMIZATION_LEVEL = 0;
				GCC_PREPROCESSOR_DEFINITIONS = (
					"DEBUG=1",
					"$(inherited)",
				);
				GCC_WARN_64_TO_32_BIT_CONVERSION = YES;
				GCC_WARN_ABOUT_RETURN_TYPE = YES_ERROR;
				GCC_WARN_UNDECLARED_SELECTOR = YES;
				GCC_WARN_UNINITIALIZED_AUTOS = YES_AGGRESSIVE;
				GCC_WARN_UNUSED_FUNCTION = YES;
				GCC_WARN_UNUSED_VARIABLE = YES;
				IPHONEOS_DEPLOYMENT_TARGET = 13.0;
				MTL_ENABLE_DEBUG_INFO = INCLUDE_SOURCE;
				MTL_FAST_MATH = YES;
				ONLY_ACTIVE_ARCH = YES;
				SDKROOT = iphoneos;
				SWIFT_ACTIVE_COMPILATION_CONDITIONS = DEBUG;
				SWIFT_OPTIMIZATION_LEVEL = "-Onone";
			};
			name = Debug;
		};
		8F2953D922AD6DFA000625CB /* Release */ = {
			isa = XCBuildConfiguration;
			buildSettings = {
				ALWAYS_SEARCH_USER_PATHS = NO;
				CLANG_ANALYZER_NONNULL = YES;
				CLANG_ANALYZER_NUMBER_OBJECT_CONVERSION = YES_AGGRESSIVE;
				CLANG_CXX_LANGUAGE_STANDARD = "gnu++14";
				CLANG_CXX_LIBRARY = "libc++";
				CLANG_ENABLE_MODULES = YES;
				CLANG_ENABLE_OBJC_ARC = YES;
				CLANG_ENABLE_OBJC_WEAK = YES;
				CLANG_WARN_BLOCK_CAPTURE_AUTORELEASING = YES;
				CLANG_WARN_BOOL_CONVERSION = YES;
				CLANG_WARN_COMMA = YES;
				CLANG_WARN_CONSTANT_CONVERSION = YES;
				CLANG_WARN_DEPRECATED_OBJC_IMPLEMENTATIONS = YES;
				CLANG_WARN_DIRECT_OBJC_ISA_USAGE = YES_ERROR;
				CLANG_WARN_DOCUMENTATION_COMMENTS = YES;
				CLANG_WARN_EMPTY_BODY = YES;
				CLANG_WARN_ENUM_CONVERSION = YES;
				CLANG_WARN_INFINITE_RECURSION = YES;
				CLANG_WARN_INT_CONVERSION = YES;
				CLANG_WARN_NON_LITERAL_NULL_CONVERSION = YES;
				CLANG_WARN_OBJC_IMPLICIT_RETAIN_SELF = YES;
				CLANG_WARN_OBJC_LITERAL_CONVERSION = YES;
				CLANG_WARN_OBJC_ROOT_CLASS = YES_ERROR;
				CLANG_WARN_RANGE_LOOP_ANALYSIS = YES;
				CLANG_WARN_STRICT_PROTOTYPES = YES;
				CLANG_WARN_SUSPICIOUS_MOVE = YES;
				CLANG_WARN_UNGUARDED_AVAILABILITY = YES_AGGRESSIVE;
				CLANG_WARN_UNREACHABLE_CODE = YES;
				CLANG_WARN__DUPLICATE_METHOD_MATCH = YES;
				COPY_PHASE_STRIP = NO;
				DEBUG_INFORMATION_FORMAT = "dwarf-with-dsym";
				ENABLE_NS_ASSERTIONS = NO;
				ENABLE_STRICT_OBJC_MSGSEND = YES;
				GCC_C_LANGUAGE_STANDARD = gnu11;
				GCC_NO_COMMON_BLOCKS = YES;
				GCC_WARN_64_TO_32_BIT_CONVERSION = YES;
				GCC_WARN_ABOUT_RETURN_TYPE = YES_ERROR;
				GCC_WARN_UNDECLARED_SELECTOR = YES;
				GCC_WARN_UNINITIALIZED_AUTOS = YES_AGGRESSIVE;
				GCC_WARN_UNUSED_FUNCTION = YES;
				GCC_WARN_UNUSED_VARIABLE = YES;
				IPHONEOS_DEPLOYMENT_TARGET = 13.0;
				MTL_ENABLE_DEBUG_INFO = NO;
				MTL_FAST_MATH = YES;
				SDKROOT = iphoneos;
				SWIFT_COMPILATION_MODE = wholemodule;
				SWIFT_OPTIMIZATION_LEVEL = "-O";
				VALIDATE_PRODUCT = YES;
			};
			name = Release;
		};
		8F2953DB22AD6DFA000625CB /* Debug */ = {
			isa = XCBuildConfiguration;
			buildSettings = {
				ASSETCATALOG_COMPILER_APPICON_NAME = AppIcon;
				CODE_SIGN_STYLE = Automatic;
				DEVELOPMENT_ASSET_PATHS = "HackerNews/Preview\\ Content";
				DEVELOPMENT_TEAM = 8C5ZP3T6S3;
				ENABLE_PREVIEWS = YES;
				INFOPLIST_FILE = HackerNews/Info.plist;
				LD_RUNPATH_SEARCH_PATHS = (
					"$(inherited)",
					"@executable_path/Frameworks",
				);
				PRODUCT_BUNDLE_IDENTIFIER = dev.nathfreder.HackerNews;
				PRODUCT_NAME = "$(TARGET_NAME)";
				SWIFT_VERSION = 5.0;
				TARGETED_DEVICE_FAMILY = "1,2";
			};
			name = Debug;
		};
		8F2953DC22AD6DFA000625CB /* Release */ = {
			isa = XCBuildConfiguration;
			buildSettings = {
				ASSETCATALOG_COMPILER_APPICON_NAME = AppIcon;
				CODE_SIGN_STYLE = Automatic;
				DEVELOPMENT_ASSET_PATHS = "HackerNews/Preview\\ Content";
				DEVELOPMENT_TEAM = 8C5ZP3T6S3;
				ENABLE_PREVIEWS = YES;
				INFOPLIST_FILE = HackerNews/Info.plist;
				LD_RUNPATH_SEARCH_PATHS = (
					"$(inherited)",
					"@executable_path/Frameworks",
				);
				PRODUCT_BUNDLE_IDENTIFIER = dev.nathfreder.HackerNews;
				PRODUCT_NAME = "$(TARGET_NAME)";
				SWIFT_VERSION = 5.0;
				TARGETED_DEVICE_FAMILY = "1,2";
			};
			name = Release;
		};
		8F2953DE22AD6DFA000625CB /* Debug */ = {
			isa = XCBuildConfiguration;
			buildSettings = {
				ALWAYS_EMBED_SWIFT_STANDARD_LIBRARIES = YES;
				BUNDLE_LOADER = "$(TEST_HOST)";
				CODE_SIGN_STYLE = Automatic;
				INFOPLIST_FILE = HackerNewsTests/Info.plist;
				LD_RUNPATH_SEARCH_PATHS = (
					"$(inherited)",
					"@executable_path/Frameworks",
					"@loader_path/Frameworks",
				);
				PRODUCT_BUNDLE_IDENTIFIER = dev.nathfreder.HackerNewsTests;
				PRODUCT_NAME = "$(TARGET_NAME)";
				SWIFT_VERSION = 5.0;
				TARGETED_DEVICE_FAMILY = "1,2";
				TEST_HOST = "$(BUILT_PRODUCTS_DIR)/HackerNews.app/HackerNews";
			};
			name = Debug;
		};
		8F2953DF22AD6DFA000625CB /* Release */ = {
			isa = XCBuildConfiguration;
			buildSettings = {
				ALWAYS_EMBED_SWIFT_STANDARD_LIBRARIES = YES;
				BUNDLE_LOADER = "$(TEST_HOST)";
				CODE_SIGN_STYLE = Automatic;
				INFOPLIST_FILE = HackerNewsTests/Info.plist;
				LD_RUNPATH_SEARCH_PATHS = (
					"$(inherited)",
					"@executable_path/Frameworks",
					"@loader_path/Frameworks",
				);
				PRODUCT_BUNDLE_IDENTIFIER = dev.nathfreder.HackerNewsTests;
				PRODUCT_NAME = "$(TARGET_NAME)";
				SWIFT_VERSION = 5.0;
				TARGETED_DEVICE_FAMILY = "1,2";
				TEST_HOST = "$(BUILT_PRODUCTS_DIR)/HackerNews.app/HackerNews";
			};
			name = Release;
		};
		8F2953E122AD6DFA000625CB /* Debug */ = {
			isa = XCBuildConfiguration;
			buildSettings = {
				ALWAYS_EMBED_SWIFT_STANDARD_LIBRARIES = YES;
				CODE_SIGN_STYLE = Automatic;
				INFOPLIST_FILE = HackerNewsUITests/Info.plist;
				LD_RUNPATH_SEARCH_PATHS = (
					"$(inherited)",
					"@executable_path/Frameworks",
					"@loader_path/Frameworks",
				);
				PRODUCT_BUNDLE_IDENTIFIER = dev.nathfreder.HackerNewsUITests;
				PRODUCT_NAME = "$(TARGET_NAME)";
				SWIFT_VERSION = 5.0;
				TARGETED_DEVICE_FAMILY = "1,2";
				TEST_TARGET_NAME = HackerNews;
			};
			name = Debug;
		};
		8F2953E222AD6DFA000625CB /* Release */ = {
			isa = XCBuildConfiguration;
			buildSettings = {
				ALWAYS_EMBED_SWIFT_STANDARD_LIBRARIES = YES;
				CODE_SIGN_STYLE = Automatic;
				INFOPLIST_FILE = HackerNewsUITests/Info.plist;
				LD_RUNPATH_SEARCH_PATHS = (
					"$(inherited)",
					"@executable_path/Frameworks",
					"@loader_path/Frameworks",
				);
				PRODUCT_BUNDLE_IDENTIFIER = dev.nathfreder.HackerNewsUITests;
				PRODUCT_NAME = "$(TARGET_NAME)";
				SWIFT_VERSION = 5.0;
				TARGETED_DEVICE_FAMILY = "1,2";
				TEST_TARGET_NAME = HackerNews;
			};
			name = Release;
		};
/* End XCBuildConfiguration section */

/* Begin XCConfigurationList section */
		8F2953AB22AD6DF7000625CB /* Build configuration list for PBXProject "HackerNews" */ = {
			isa = XCConfigurationList;
			buildConfigurations = (
				8F2953D822AD6DFA000625CB /* Debug */,
				8F2953D922AD6DFA000625CB /* Release */,
			);
			defaultConfigurationIsVisible = 0;
			defaultConfigurationName = Release;
		};
		8F2953DA22AD6DFA000625CB /* Build configuration list for PBXNativeTarget "HackerNews" */ = {
			isa = XCConfigurationList;
			buildConfigurations = (
				8F2953DB22AD6DFA000625CB /* Debug */,
				8F2953DC22AD6DFA000625CB /* Release */,
			);
			defaultConfigurationIsVisible = 0;
			defaultConfigurationName = Release;
		};
		8F2953DD22AD6DFA000625CB /* Build configuration list for PBXNativeTarget "HackerNewsTests" */ = {
			isa = XCConfigurationList;
			buildConfigurations = (
				8F2953DE22AD6DFA000625CB /* Debug */,
				8F2953DF22AD6DFA000625CB /* Release */,
			);
			defaultConfigurationIsVisible = 0;
			defaultConfigurationName = Release;
		};
		8F2953E022AD6DFA000625CB /* Build configuration list for PBXNativeTarget "HackerNewsUITests" */ = {
			isa = XCConfigurationList;
			buildConfigurations = (
				8F2953E122AD6DFA000625CB /* Debug */,
				8F2953E222AD6DFA000625CB /* Release */,
			);
			defaultConfigurationIsVisible = 0;
			defaultConfigurationName = Release;
		};
/* End XCConfigurationList section */
	};
	rootObject = 8F2953A822AD6DF7000625CB /* Project object */;
}
